// !$*UTF8*$!
{
	archiveVersion = 1;
	classes = {
	};
	objectVersion = 56;
	objects = {

/* Begin PBXBuildFile section */
		0330ECD92B65C8FB00AA0CFC /* Assets.xcassets in Resources */ = {isa = PBXBuildFile; fileRef = 0330ECD82B65C8FB00AA0CFC /* Assets.xcassets */; };
		0330ECE92B65CB0100AA0CFC /* SDL2.framework in Frameworks */ = {isa = PBXBuildFile; fileRef = 0330ECE82B65CB0100AA0CFC /* SDL2.framework */; };
		0330ECEA2B65CB0100AA0CFC /* SDL2.framework in Embed Frameworks */ = {isa = PBXBuildFile; fileRef = 0330ECE82B65CB0100AA0CFC /* SDL2.framework */; settings = {ATTRIBUTES = (CodeSignOnCopy, RemoveHeadersOnCopy, ); }; };
		03321B762BF000B6001A1EF1 /* RelicArt.png in Resources */ = {isa = PBXBuildFile; fileRef = 03321B752BF000B6001A1EF1 /* RelicArt.png */; };
		03321B782BF00853001A1EF1 /* StarfishRightRoll.png in Resources */ = {isa = PBXBuildFile; fileRef = 03321B772BF00853001A1EF1 /* StarfishRightRoll.png */; };
		03321B7A2BF1D463001A1EF1 /* SDL2_ttf.framework in Frameworks */ = {isa = PBXBuildFile; fileRef = 03321B792BF1D463001A1EF1 /* SDL2_ttf.framework */; };
		03321B7B2BF1D463001A1EF1 /* SDL2_ttf.framework in Embed Frameworks */ = {isa = PBXBuildFile; fileRef = 03321B792BF1D463001A1EF1 /* SDL2_ttf.framework */; settings = {ATTRIBUTES = (CodeSignOnCopy, RemoveHeadersOnCopy, ); }; };
		03386A512C0A7BFC003F024B /* Button.cpp in Sources */ = {isa = PBXBuildFile; fileRef = 03386A4F2C0A7BFC003F024B /* Button.cpp */; };
		03386A532C0A82A8003F024B /* ButtonBackground.png in Resources */ = {isa = PBXBuildFile; fileRef = 03386A522C0A82A8003F024B /* ButtonBackground.png */; };
		0386BCDD2B69740800E251A8 /* SDL2_image.framework in Frameworks */ = {isa = PBXBuildFile; fileRef = 0386BCDC2B69740800E251A8 /* SDL2_image.framework */; };
		0386BCDE2B69740800E251A8 /* SDL2_image.framework in Embed Frameworks */ = {isa = PBXBuildFile; fileRef = 0386BCDC2B69740800E251A8 /* SDL2_image.framework */; settings = {ATTRIBUTES = (CodeSignOnCopy, RemoveHeadersOnCopy, ); }; };
		039C263F2BE6DF1100A32D0E /* Game.cpp in Sources */ = {isa = PBXBuildFile; fileRef = 039C263D2BE6DF1100A32D0E /* Game.cpp */; };
		039C26412BE6E26600A32D0E /* main.cpp in Sources */ = {isa = PBXBuildFile; fileRef = 039C26402BE6E26600A32D0E /* main.cpp */; };
		039C26432BE8C2B500A32D0E /* Starfish.png in Resources */ = {isa = PBXBuildFile; fileRef = 039C26422BE8C2B500A32D0E /* Starfish.png */; };
		039C26462BEA1C8500A32D0E /* LTexture.cpp in Sources */ = {isa = PBXBuildFile; fileRef = 039C26442BEA1C8500A32D0E /* LTexture.cpp */; };
/* End PBXBuildFile section */

/* Begin PBXCopyFilesBuildPhase section */
		0330ECEB2B65CB0100AA0CFC /* Embed Frameworks */ = {
			isa = PBXCopyFilesBuildPhase;
			buildActionMask = 2147483647;
			dstPath = "";
			dstSubfolderSpec = 10;
			files = (
				0330ECEA2B65CB0100AA0CFC /* SDL2.framework in Embed Frameworks */,
				03321B7B2BF1D463001A1EF1 /* SDL2_ttf.framework in Embed Frameworks */,
				0386BCDE2B69740800E251A8 /* SDL2_image.framework in Embed Frameworks */,
			);
			name = "Embed Frameworks";
			runOnlyForDeploymentPostprocessing = 0;
		};
/* End PBXCopyFilesBuildPhase section */

/* Begin PBXFileReference section */
		0330ECD22B65C8FA00AA0CFC /* SDL.app */ = {isa = PBXFileReference; explicitFileType = wrapper.application; includeInIndex = 0; path = SDL.app; sourceTree = BUILT_PRODUCTS_DIR; };
		0330ECD82B65C8FB00AA0CFC /* Assets.xcassets */ = {isa = PBXFileReference; lastKnownFileType = folder.assetcatalog; path = Assets.xcassets; sourceTree = "<group>"; };
		0330ECDF2B65C8FC00AA0CFC /* SDL.entitlements */ = {isa = PBXFileReference; lastKnownFileType = text.plist.entitlements; path = SDL.entitlements; sourceTree = "<group>"; };
		0330ECE82B65CB0100AA0CFC /* SDL2.framework */ = {isa = PBXFileReference; lastKnownFileType = wrapper.framework; path = SDL2.framework; sourceTree = "<group>"; };
		03321B752BF000B6001A1EF1 /* RelicArt.png */ = {isa = PBXFileReference; lastKnownFileType = image.png; path = RelicArt.png; sourceTree = "<group>"; };
		03321B772BF00853001A1EF1 /* StarfishRightRoll.png */ = {isa = PBXFileReference; lastKnownFileType = image.png; path = StarfishRightRoll.png; sourceTree = "<group>"; };
		03321B792BF1D463001A1EF1 /* SDL2_ttf.framework */ = {isa = PBXFileReference; lastKnownFileType = wrapper.framework; path = SDL2_ttf.framework; sourceTree = "<group>"; };
		03386A4F2C0A7BFC003F024B /* Button.cpp */ = {isa = PBXFileReference; lastKnownFileType = sourcecode.cpp.cpp; path = Button.cpp; sourceTree = "<group>"; };
		03386A502C0A7BFC003F024B /* Button.hpp */ = {isa = PBXFileReference; lastKnownFileType = sourcecode.cpp.h; path = Button.hpp; sourceTree = "<group>"; };
		03386A522C0A82A8003F024B /* ButtonBackground.png */ = {isa = PBXFileReference; lastKnownFileType = image.png; name = ButtonBackground.png; path = ../../../../Desktop/ButtonBackground.png; sourceTree = "<group>"; };
		0386BCDC2B69740800E251A8 /* SDL2_image.framework */ = {isa = PBXFileReference; lastKnownFileType = wrapper.framework; path = SDL2_image.framework; sourceTree = "<group>"; };
		039C263D2BE6DF1100A32D0E /* Game.cpp */ = {isa = PBXFileReference; lastKnownFileType = sourcecode.cpp.cpp; path = Game.cpp; sourceTree = "<group>"; };
		039C263E2BE6DF1100A32D0E /* Game.hpp */ = {isa = PBXFileReference; lastKnownFileType = sourcecode.cpp.h; path = Game.hpp; sourceTree = "<group>"; };
		039C26402BE6E26600A32D0E /* main.cpp */ = {isa = PBXFileReference; lastKnownFileType = sourcecode.cpp.cpp; path = main.cpp; sourceTree = "<group>"; };
		039C26422BE8C2B500A32D0E /* Starfish.png */ = {isa = PBXFileReference; lastKnownFileType = image.png; path = Starfish.png; sourceTree = "<group>"; };
		039C26442BEA1C8500A32D0E /* LTexture.cpp */ = {isa = PBXFileReference; lastKnownFileType = sourcecode.cpp.cpp; path = LTexture.cpp; sourceTree = "<group>"; };
		039C26452BEA1C8500A32D0E /* LTexture.hpp */ = {isa = PBXFileReference; lastKnownFileType = sourcecode.cpp.h; path = LTexture.hpp; sourceTree = "<group>"; };
/* End PBXFileReference section */

/* Begin PBXFrameworksBuildPhase section */
		0330ECCF2B65C8FA00AA0CFC /* Frameworks */ = {
			isa = PBXFrameworksBuildPhase;
			buildActionMask = 2147483647;
			files = (
				0330ECE92B65CB0100AA0CFC /* SDL2.framework in Frameworks */,
				03321B7A2BF1D463001A1EF1 /* SDL2_ttf.framework in Frameworks */,
				0386BCDD2B69740800E251A8 /* SDL2_image.framework in Frameworks */,
			);
			runOnlyForDeploymentPostprocessing = 0;
		};
/* End PBXFrameworksBuildPhase section */

/* Begin PBXGroup section */
		0330ECC92B65C8FA00AA0CFC = {
			isa = PBXGroup;
			children = (
				0330ECD42B65C8FA00AA0CFC /* SDL */,
				0330ECD32B65C8FA00AA0CFC /* Products */,
				0330ECE72B65CB0100AA0CFC /* Frameworks */,
			);
			sourceTree = "<group>";
		};
		0330ECD32B65C8FA00AA0CFC /* Products */ = {
			isa = PBXGroup;
			children = (
				0330ECD22B65C8FA00AA0CFC /* SDL.app */,
			);
			name = Products;
			sourceTree = "<group>";
		};
		0330ECD42B65C8FA00AA0CFC /* SDL */ = {
			isa = PBXGroup;
			children = (
				03386A522C0A82A8003F024B /* ButtonBackground.png */,
				03321B772BF00853001A1EF1 /* StarfishRightRoll.png */,
				03321B752BF000B6001A1EF1 /* RelicArt.png */,
				039C26422BE8C2B500A32D0E /* Starfish.png */,
				0330ECD82B65C8FB00AA0CFC /* Assets.xcassets */,
				0330ECDF2B65C8FC00AA0CFC /* SDL.entitlements */,
				039C263D2BE6DF1100A32D0E /* Game.cpp */,
				039C263E2BE6DF1100A32D0E /* Game.hpp */,
				039C26402BE6E26600A32D0E /* main.cpp */,
				039C26442BEA1C8500A32D0E /* LTexture.cpp */,
				039C26452BEA1C8500A32D0E /* LTexture.hpp */,
				03386A4F2C0A7BFC003F024B /* Button.cpp */,
				03386A502C0A7BFC003F024B /* Button.hpp */,
			);
			path = SDL;
			sourceTree = "<group>";
		};
		0330ECE72B65CB0100AA0CFC /* Frameworks */ = {
			isa = PBXGroup;
			children = (
				03321B792BF1D463001A1EF1 /* SDL2_ttf.framework */,
				0386BCDC2B69740800E251A8 /* SDL2_image.framework */,
				0330ECE82B65CB0100AA0CFC /* SDL2.framework */,
			);
			name = Frameworks;
			sourceTree = "<group>";
		};
/* End PBXGroup section */

/* Begin PBXNativeTarget section */
		0330ECD12B65C8FA00AA0CFC /* SDL */ = {
			isa = PBXNativeTarget;
			buildConfigurationList = 0330ECE22B65C8FC00AA0CFC /* Build configuration list for PBXNativeTarget "SDL" */;
			buildPhases = (
				0330ECCE2B65C8FA00AA0CFC /* Sources */,
				0330ECCF2B65C8FA00AA0CFC /* Frameworks */,
				0330ECD02B65C8FA00AA0CFC /* Resources */,
				0330ECEB2B65CB0100AA0CFC /* Embed Frameworks */,
			);
			buildRules = (
			);
			dependencies = (
			);
			name = SDL;
			productName = SDL;
			productReference = 0330ECD22B65C8FA00AA0CFC /* SDL.app */;
			productType = "com.apple.product-type.application";
		};
/* End PBXNativeTarget section */

/* Begin PBXProject section */
		0330ECCA2B65C8FA00AA0CFC /* Project object */ = {
			isa = PBXProject;
			attributes = {
				BuildIndependentTargetsInParallel = 1;
				LastUpgradeCheck = 1530;
				TargetAttributes = {
					0330ECD12B65C8FA00AA0CFC = {
						CreatedOnToolsVersion = 15.2;
					};
				};
			};
			buildConfigurationList = 0330ECCD2B65C8FA00AA0CFC /* Build configuration list for PBXProject "SDL" */;
			compatibilityVersion = "Xcode 14.0";
			developmentRegion = en;
			hasScannedForEncodings = 0;
			knownRegions = (
				en,
				Base,
			);
			mainGroup = 0330ECC92B65C8FA00AA0CFC;
			productRefGroup = 0330ECD32B65C8FA00AA0CFC /* Products */;
			projectDirPath = "";
			projectRoot = "";
			targets = (
				0330ECD12B65C8FA00AA0CFC /* SDL */,
			);
		};
/* End PBXProject section */

/* Begin PBXResourcesBuildPhase section */
		0330ECD02B65C8FA00AA0CFC /* Resources */ = {
			isa = PBXResourcesBuildPhase;
			buildActionMask = 2147483647;
			files = (
				03321B782BF00853001A1EF1 /* StarfishRightRoll.png in Resources */,
				03386A532C0A82A8003F024B /* ButtonBackground.png in Resources */,
				0330ECD92B65C8FB00AA0CFC /* Assets.xcassets in Resources */,
				03321B762BF000B6001A1EF1 /* RelicArt.png in Resources */,
				039C26432BE8C2B500A32D0E /* Starfish.png in Resources */,
			);
			runOnlyForDeploymentPostprocessing = 0;
		};
/* End PBXResourcesBuildPhase section */

/* Begin PBXSourcesBuildPhase section */
		0330ECCE2B65C8FA00AA0CFC /* Sources */ = {
			isa = PBXSourcesBuildPhase;
			buildActionMask = 2147483647;
			files = (
				039C263F2BE6DF1100A32D0E /* Game.cpp in Sources */,
				039C26412BE6E26600A32D0E /* main.cpp in Sources */,
				039C26462BEA1C8500A32D0E /* LTexture.cpp in Sources */,
				03386A512C0A7BFC003F024B /* Button.cpp in Sources */,
			);
			runOnlyForDeploymentPostprocessing = 0;
		};
/* End PBXSourcesBuildPhase section */

/* Begin XCBuildConfiguration section */
		0330ECE02B65C8FC00AA0CFC /* Debug */ = {
			isa = XCBuildConfiguration;
			buildSettings = {
				ALWAYS_SEARCH_USER_PATHS = NO;
				ASSETCATALOG_COMPILER_GENERATE_SWIFT_ASSET_SYMBOL_EXTENSIONS = YES;
				CLANG_ANALYZER_NONNULL = YES;
				CLANG_ANALYZER_NUMBER_OBJECT_CONVERSION = YES_AGGRESSIVE;
				CLANG_CXX_LANGUAGE_STANDARD = "gnu++20";
				CLANG_ENABLE_MODULES = YES;
				CLANG_ENABLE_OBJC_ARC = YES;
				CLANG_ENABLE_OBJC_WEAK = YES;
				CLANG_WARN_BLOCK_CAPTURE_AUTORELEASING = YES;
				CLANG_WARN_BOOL_CONVERSION = YES;
				CLANG_WARN_COMMA = YES;
				CLANG_WARN_CONSTANT_CONVERSION = YES;
				CLANG_WARN_DEPRECATED_OBJC_IMPLEMENTATIONS = YES;
				CLANG_WARN_DIRECT_OBJC_ISA_USAGE = YES_ERROR;
				CLANG_WARN_DOCUMENTATION_COMMENTS = YES;
				CLANG_WARN_EMPTY_BODY = YES;
				CLANG_WARN_ENUM_CONVERSION = YES;
				CLANG_WARN_INFINITE_RECURSION = YES;
				CLANG_WARN_INT_CONVERSION = YES;
				CLANG_WARN_NON_LITERAL_NULL_CONVERSION = YES;
				CLANG_WARN_OBJC_IMPLICIT_RETAIN_SELF = YES;
				CLANG_WARN_OBJC_LITERAL_CONVERSION = YES;
				CLANG_WARN_OBJC_ROOT_CLASS = YES_ERROR;
				CLANG_WARN_QUOTED_INCLUDE_IN_FRAMEWORK_HEADER = YES;
				CLANG_WARN_RANGE_LOOP_ANALYSIS = YES;
				CLANG_WARN_STRICT_PROTOTYPES = YES;
				CLANG_WARN_SUSPICIOUS_MOVE = YES;
				CLANG_WARN_UNGUARDED_AVAILABILITY = YES_AGGRESSIVE;
				CLANG_WARN_UNREACHABLE_CODE = YES;
				CLANG_WARN__DUPLICATE_METHOD_MATCH = YES;
				COPY_PHASE_STRIP = NO;
				DEAD_CODE_STRIPPING = YES;
				DEBUG_INFORMATION_FORMAT = dwarf;
				ENABLE_STRICT_OBJC_MSGSEND = YES;
				ENABLE_TESTABILITY = YES;
				ENABLE_USER_SCRIPT_SANDBOXING = YES;
				GCC_C_LANGUAGE_STANDARD = gnu17;
				GCC_DYNAMIC_NO_PIC = NO;
				GCC_NO_COMMON_BLOCKS = YES;
				GCC_OPTIMIZATION_LEVEL = 0;
				GCC_PREPROCESSOR_DEFINITIONS = (
					"DEBUG=1",
					"$(inherited)",
				);
				GCC_WARN_64_TO_32_BIT_CONVERSION = YES;
				GCC_WARN_ABOUT_RETURN_TYPE = YES_ERROR;
				GCC_WARN_UNDECLARED_SELECTOR = YES;
				GCC_WARN_UNINITIALIZED_AUTOS = YES_AGGRESSIVE;
				GCC_WARN_UNUSED_FUNCTION = YES;
				GCC_WARN_UNUSED_VARIABLE = YES;
				LOCALIZATION_PREFERS_STRING_CATALOGS = YES;
				MACOSX_DEPLOYMENT_TARGET = 14.2;
				MTL_ENABLE_DEBUG_INFO = INCLUDE_SOURCE;
				MTL_FAST_MATH = YES;
				ONLY_ACTIVE_ARCH = YES;
				SDKROOT = macosx;
			};
			name = Debug;
		};
		0330ECE12B65C8FC00AA0CFC /* Release */ = {
			isa = XCBuildConfiguration;
			buildSettings = {
				ALWAYS_SEARCH_USER_PATHS = NO;
				ASSETCATALOG_COMPILER_GENERATE_SWIFT_ASSET_SYMBOL_EXTENSIONS = YES;
				CLANG_ANALYZER_NONNULL = YES;
				CLANG_ANALYZER_NUMBER_OBJECT_CONVERSION = YES_AGGRESSIVE;
				CLANG_CXX_LANGUAGE_STANDARD = "gnu++20";
				CLANG_ENABLE_MODULES = YES;
				CLANG_ENABLE_OBJC_ARC = YES;
				CLANG_ENABLE_OBJC_WEAK = YES;
				CLANG_WARN_BLOCK_CAPTURE_AUTORELEASING = YES;
				CLANG_WARN_BOOL_CONVERSION = YES;
				CLANG_WARN_COMMA = YES;
				CLANG_WARN_CONSTANT_CONVERSION = YES;
				CLANG_WARN_DEPRECATED_OBJC_IMPLEMENTATIONS = YES;
				CLANG_WARN_DIRECT_OBJC_ISA_USAGE = YES_ERROR;
				CLANG_WARN_DOCUMENTATION_COMMENTS = YES;
				CLANG_WARN_EMPTY_BODY = YES;
				CLANG_WARN_ENUM_CONVERSION = YES;
				CLANG_WARN_INFINITE_RECURSION = YES;
				CLANG_WARN_INT_CONVERSION = YES;
				CLANG_WARN_NON_LITERAL_NULL_CONVERSION = YES;
				CLANG_WARN_OBJC_IMPLICIT_RETAIN_SELF = YES;
				CLANG_WARN_OBJC_LITERAL_CONVERSION = YES;
				CLANG_WARN_OBJC_ROOT_CLASS = YES_ERROR;
				CLANG_WARN_QUOTED_INCLUDE_IN_FRAMEWORK_HEADER = YES;
				CLANG_WARN_RANGE_LOOP_ANALYSIS = YES;
				CLANG_WARN_STRICT_PROTOTYPES = YES;
				CLANG_WARN_SUSPICIOUS_MOVE = YES;
				CLANG_WARN_UNGUARDED_AVAILABILITY = YES_AGGRESSIVE;
				CLANG_WARN_UNREACHABLE_CODE = YES;
				CLANG_WARN__DUPLICATE_METHOD_MATCH = YES;
				COPY_PHASE_STRIP = NO;
				DEAD_CODE_STRIPPING = YES;
				DEBUG_INFORMATION_FORMAT = "dwarf-with-dsym";
				ENABLE_NS_ASSERTIONS = NO;
				ENABLE_STRICT_OBJC_MSGSEND = YES;
				ENABLE_USER_SCRIPT_SANDBOXING = YES;
				GCC_C_LANGUAGE_STANDARD = gnu17;
				GCC_NO_COMMON_BLOCKS = YES;
				GCC_WARN_64_TO_32_BIT_CONVERSION = YES;
				GCC_WARN_ABOUT_RETURN_TYPE = YES_ERROR;
				GCC_WARN_UNDECLARED_SELECTOR = YES;
				GCC_WARN_UNINITIALIZED_AUTOS = YES_AGGRESSIVE;
				GCC_WARN_UNUSED_FUNCTION = YES;
				GCC_WARN_UNUSED_VARIABLE = YES;
				LOCALIZATION_PREFERS_STRING_CATALOGS = YES;
				MACOSX_DEPLOYMENT_TARGET = 14.2;
				MTL_ENABLE_DEBUG_INFO = NO;
				MTL_FAST_MATH = YES;
				SDKROOT = macosx;
			};
			name = Release;
		};
		0330ECE32B65C8FC00AA0CFC /* Debug */ = {
			isa = XCBuildConfiguration;
			buildSettings = {
				ASSETCATALOG_COMPILER_APPICON_NAME = AppIcon;
				ASSETCATALOG_COMPILER_GLOBAL_ACCENT_COLOR_NAME = AccentColor;
				CODE_SIGN_IDENTITY = "";
				COMBINE_HIDPI_IMAGES = YES;
				CURRENT_PROJECT_VERSION = 1;
				DEAD_CODE_STRIPPING = YES;
				FRAMEWORK_SEARCH_PATHS = (
					"$(inherited)",
					"$(PROJECT_DIR)",
				);
				GENERATE_INFOPLIST_FILE = YES;
				INFOPLIST_KEY_LSApplicationCategoryType = "public.app-category.action-games";
				INFOPLIST_KEY_NSHumanReadableCopyright = "";
				INFOPLIST_KEY_NSMainNibFile = MainMenu;
				INFOPLIST_KEY_NSPrincipalClass = NSApplication;
				LD_RUNPATH_SEARCH_PATHS = (
					"$(inherited)",
					"@executable_path/../Frameworks",
				);
				MARKETING_VERSION = 1.0;
				PRODUCT_BUNDLE_IDENTIFIER = erik.SDL;
				PRODUCT_NAME = "$(TARGET_NAME)";
				SWIFT_EMIT_LOC_STRINGS = YES;
			};
			name = Debug;
		};
		0330ECE42B65C8FC00AA0CFC /* Release */ = {
			isa = XCBuildConfiguration;
			buildSettings = {
				ASSETCATALOG_COMPILER_APPICON_NAME = AppIcon;
				ASSETCATALOG_COMPILER_GLOBAL_ACCENT_COLOR_NAME = AccentColor;
				CODE_SIGN_IDENTITY = "";
				COMBINE_HIDPI_IMAGES = YES;
				CURRENT_PROJECT_VERSION = 1;
				DEAD_CODE_STRIPPING = YES;
				FRAMEWORK_SEARCH_PATHS = (
					"$(inherited)",
					"$(PROJECT_DIR)",
				);
				GENERATE_INFOPLIST_FILE = YES;
				INFOPLIST_KEY_LSApplicationCategoryType = "public.app-category.action-games";
				INFOPLIST_KEY_NSHumanReadableCopyright = "";
				INFOPLIST_KEY_NSMainNibFile = MainMenu;
				INFOPLIST_KEY_NSPrincipalClass = NSApplication;
				LD_RUNPATH_SEARCH_PATHS = (
					"$(inherited)",
					"@executable_path/../Frameworks",
				);
				MARKETING_VERSION = 1.0;
				PRODUCT_BUNDLE_IDENTIFIER = erik.SDL;
				PRODUCT_NAME = "$(TARGET_NAME)";
				SWIFT_EMIT_LOC_STRINGS = YES;
			};
			name = Release;
		};
/* End XCBuildConfiguration section */

/* Begin XCConfigurationList section */
		0330ECCD2B65C8FA00AA0CFC /* Build configuration list for PBXProject "SDL" */ = {
			isa = XCConfigurationList;
			buildConfigurations = (
				0330ECE02B65C8FC00AA0CFC /* Debug */,
				0330ECE12B65C8FC00AA0CFC /* Release */,
			);
			defaultConfigurationIsVisible = 0;
			defaultConfigurationName = Release;
		};
		0330ECE22B65C8FC00AA0CFC /* Build configuration list for PBXNativeTarget "SDL" */ = {
			isa = XCConfigurationList;
			buildConfigurations = (
				0330ECE32B65C8FC00AA0CFC /* Debug */,
				0330ECE42B65C8FC00AA0CFC /* Release */,
			);
			defaultConfigurationIsVisible = 0;
			defaultConfigurationName = Release;
		};
/* End XCConfigurationList section */
	};
	rootObject = 0330ECCA2B65C8FA00AA0CFC /* Project object */;
}
